
Microsoft Visual Studio Solution File, Format Version 12.00
# Visual Studio Version 16
VisualStudioVersion = 16.0.31005.135
MinimumVisualStudioVersion = 10.0.40219.1
Project("{FAE04EC0-301F-11D3-BF4B-00C04F79EFBC}") = "DAL", "DAL\DAL.csproj", "{2BD56DB0-E6CB-43BC-8030-B5D2AED799B3}"
EndProject
Project("{FAE04EC0-301F-11D3-BF4B-00C04F79EFBC}") = "Models", "Models\Models.csproj", "{EBE36DEB-DD48-43CB-88AA-A63BC1C44DC2}"
EndProject
Project("{FAE04EC0-301F-11D3-BF4B-00C04F79EFBC}") = "BLL", "BLL\BLL.csproj", "{6AD369FD-529B-483C-ADF0-3405BF21247E}"
EndProject
Project("{FAE04EC0-301F-11D3-BF4B-00C04F79EFBC}") = "Testing", "Testing\Testing.csproj", "{77CF5585-AE9E-46ED-9A57-EBF9EC988020}"
EndProject
Project("{FAE04EC0-301F-11D3-BF4B-00C04F79EFBC}") = "API", "API\API.csproj", "{CC252213-8420-45ED-9F41-C53E10E5836D}"
EndProject
Project("{FAE04EC0-301F-11D3-BF4B-00C04F79EFBC}") = "WebClientMedecin", "WebClientMedecin\WebClientMedecin.csproj", "{7B1A5033-017B-4696-B6E5-182A538E4042}"
EndProject
Global
	GlobalSection(SolutionConfigurationPlatforms) = preSolution
		Debug|Any CPU = Debug|Any CPU
		Release|Any CPU = Release|Any CPU
	EndGlobalSection
	GlobalSection(ProjectConfigurationPlatforms) = postSolution
		{2BD56DB0-E6CB-43BC-8030-B5D2AED799B3}.Debug|Any CPU.ActiveCfg = Debug|Any CPU
		{2BD56DB0-E6CB-43BC-8030-B5D2AED799B3}.Debug|Any CPU.Build.0 = Debug|Any CPU
		{2BD56DB0-E6CB-43BC-8030-B5D2AED799B3}.Release|Any CPU.ActiveCfg = Release|Any CPU
		{2BD56DB0-E6CB-43BC-8030-B5D2AED799B3}.Release|Any CPU.Build.0 = Release|Any CPU
		{EBE36DEB-DD48-43CB-88AA-A63BC1C44DC2}.Debug|Any CPU.ActiveCfg = Debug|Any CPU
		{EBE36DEB-DD48-43CB-88AA-A63BC1C44DC2}.Debug|Any CPU.Build.0 = Debug|Any CPU
		{EBE36DEB-DD48-43CB-88AA-A63BC1C44DC2}.Release|Any CPU.ActiveCfg = Release|Any CPU
		{EBE36DEB-DD48-43CB-88AA-A63BC1C44DC2}.Release|Any CPU.Build.0 = Release|Any CPU
		{6AD369FD-529B-483C-ADF0-3405BF21247E}.Debug|Any CPU.ActiveCfg = Debug|Any CPU
		{6AD369FD-529B-483C-ADF0-3405BF21247E}.Debug|Any CPU.Build.0 = Debug|Any CPU
		{6AD369FD-529B-483C-ADF0-3405BF21247E}.Release|Any CPU.ActiveCfg = Release|Any CPU
		{6AD369FD-529B-483C-ADF0-3405BF21247E}.Release|Any CPU.Build.0 = Release|Any CPU
		{77CF5585-AE9E-46ED-9A57-EBF9EC988020}.Debug|Any CPU.ActiveCfg = Debug|Any CPU
		{77CF5585-AE9E-46ED-9A57-EBF9EC988020}.Debug|Any CPU.Build.0 = Debug|Any CPU
		{77CF5585-AE9E-46ED-9A57-EBF9EC988020}.Release|Any CPU.ActiveCfg = Release|Any CPU
		{77CF5585-AE9E-46ED-9A57-EBF9EC988020}.Release|Any CPU.Build.0 = Release|Any CPU
		{CC252213-8420-45ED-9F41-C53E10E5836D}.Debug|Any CPU.ActiveCfg = Debug|Any CPU
		{CC252213-8420-45ED-9F41-C53E10E5836D}.Debug|Any CPU.Build.0 = Debug|Any CPU
		{CC252213-8420-45ED-9F41-C53E10E5836D}.Release|Any CPU.ActiveCfg = Release|Any CPU
		{CC252213-8420-45ED-9F41-C53E10E5836D}.Release|Any CPU.Build.0 = Release|Any CPU
		{7B1A5033-017B-4696-B6E5-182A538E4042}.Debug|Any CPU.ActiveCfg = Debug|Any CPU
		{7B1A5033-017B-4696-B6E5-182A538E4042}.Debug|Any CPU.Build.0 = Debug|Any CPU
		{7B1A5033-017B-4696-B6E5-182A538E4042}.Release|Any CPU.ActiveCfg = Release|Any CPU
		{7B1A5033-017B-4696-B6E5-182A538E4042}.Release|Any CPU.Build.0 = Release|Any CPU
	EndGlobalSection
	GlobalSection(SolutionProperties) = preSolution
		HideSolutionNode = FALSE
	EndGlobalSection
	GlobalSection(ExtensibilityGlobals) = postSolution
		SolutionGuid = {795C5D3E-82E6-4020-B046-D03BA8E236F2}
	EndGlobalSection
EndGlobal
